
Microsoft Visual Studio Solution File, Format Version 12.00
# Visual Studio 15
VisualStudioVersion = 15.0.28107.0
MinimumVisualStudioVersion = 10.0.40219.1
Project("{FAE04EC0-301F-11D3-BF4B-00C04F79EFBC}") = "DiabeticMed", "DiabeticMed\DiabeticMed.csproj", "{0C3BDA6B-8ABD-4222-93DD-C32827CC7386}"
EndProject
Project("{FAE04EC0-301F-11D3-BF4B-00C04F79EFBC}") = "DiabeticMed.UnitTests", "DiabeticMed.UnitTests\DiabeticMed.UnitTests.csproj", "{CD580A6B-BF5D-4665-B4E3-EBE6C75FE7E3}"
EndProject
Global
	GlobalSection(SolutionConfigurationPlatforms) = preSolution
		Debug|Any CPU = Debug|Any CPU
		Release|Any CPU = Release|Any CPU
	EndGlobalSection
	GlobalSection(ProjectConfigurationPlatforms) = postSolution
		{0C3BDA6B-8ABD-4222-93DD-C32827CC7386}.Debug|Any CPU.ActiveCfg = Debug|Any CPU
		{0C3BDA6B-8ABD-4222-93DD-C32827CC7386}.Debug|Any CPU.Build.0 = Debug|Any CPU
		{0C3BDA6B-8ABD-4222-93DD-C32827CC7386}.Release|Any CPU.ActiveCfg = Release|Any CPU
		{0C3BDA6B-8ABD-4222-93DD-C32827CC7386}.Release|Any CPU.Build.0 = Release|Any CPU
		{CD580A6B-BF5D-4665-B4E3-EBE6C75FE7E3}.Debug|Any CPU.ActiveCfg = Debug|Any CPU
		{CD580A6B-BF5D-4665-B4E3-EBE6C75FE7E3}.Debug|Any CPU.Build.0 = Debug|Any CPU
		{CD580A6B-BF5D-4665-B4E3-EBE6C75FE7E3}.Release|Any CPU.ActiveCfg = Release|Any CPU
		{CD580A6B-BF5D-4665-B4E3-EBE6C75FE7E3}.Release|Any CPU.Build.0 = Release|Any CPU
	EndGlobalSection
	GlobalSection(SolutionProperties) = preSolution
		HideSolutionNode = FALSE
	EndGlobalSection
	GlobalSection(ExtensibilityGlobals) = postSolution
		SolutionGuid = {2641CE31-2A8C-4747-93FE-1666EF5018BF}
	EndGlobalSection
EndGlobal
